
Microsoft Visual Studio Solution File, Format Version 12.00
# Visual Studio 15
VisualStudioVersion = 15.0.27703.2026
MinimumVisualStudioVersion = 10.0.40219.1
Project("{FAE04EC0-301F-11D3-BF4B-00C04F79EFBC}") = "WindowsFormsApp10", "WindowsFormsApp10\WindowsFormsApp10.csproj", "{C3A5C34C-4BC6-4CB4-BDF5-DF6E120F9699}"
EndProject
Global
	GlobalSection(SolutionConfigurationPlatforms) = preSolution
		Debug|Any CPU = Debug|Any CPU
		Release|Any CPU = Release|Any CPU
	EndGlobalSection
	GlobalSection(ProjectConfigurationPlatforms) = postSolution
		{C3A5C34C-4BC6-4CB4-BDF5-DF6E120F9699}.Debug|Any CPU.ActiveCfg = Debug|Any CPU
		{C3A5C34C-4BC6-4CB4-BDF5-DF6E120F9699}.Debug|Any CPU.Build.0 = Debug|Any CPU
		{C3A5C34C-4BC6-4CB4-BDF5-DF6E120F9699}.Release|Any CPU.ActiveCfg = Release|Any CPU
		{C3A5C34C-4BC6-4CB4-BDF5-DF6E120F9699}.Release|Any CPU.Build.0 = Release|Any CPU
	EndGlobalSection
	GlobalSection(SolutionProperties) = preSolution
		HideSolutionNode = FALSE
	EndGlobalSection
	GlobalSection(ExtensibilityGlobals) = postSolution
		SolutionGuid = {76868A5B-27C8-47A0-8290-4D3C1920C236}
	EndGlobalSection
EndGlobal
